
Microsoft Visual Studio Solution File, Format Version 12.00
# Visual Studio Version 17
VisualStudioVersion = 17.0.31919.166
MinimumVisualStudioVersion = 10.0.40219.1
Project("{9A19103F-16F7-4668-BE54-9A1E7A4F7556}") = "Ms teams bot prototype", "Ms teams bot prototype\Ms teams bot prototype.csproj", "{5A1C4A01-0DDA-4EEA-8D0D-E84945D59A98}"
EndProject
Project("{9A19103F-16F7-4668-BE54-9A1E7A4F7556}") = "Ms teams Proto Library", "Ms teams Proto Library\Ms teams Proto Library.csproj", "{91A3B11C-A5CD-46D5-99C0-8DD9E7587E1C}"
EndProject
Project("{2150E333-8FDC-42A3-9474-1A3956D46DE8}") = "Solution Items", "Solution Items", "{6CEF137E-8CAA-4D79-8B37-A5587F9E9D11}"
	ProjectSection(SolutionItems) = preProject
		Commands.txt = Commands.txt
	EndProjectSection
EndProject
Global
	GlobalSection(SolutionConfigurationPlatforms) = preSolution
		Debug|Any CPU = Debug|Any CPU
		Release|Any CPU = Release|Any CPU
	EndGlobalSection
	GlobalSection(ProjectConfigurationPlatforms) = postSolution
		{5A1C4A01-0DDA-4EEA-8D0D-E84945D59A98}.Debug|Any CPU.ActiveCfg = Debug|Any CPU
		{5A1C4A01-0DDA-4EEA-8D0D-E84945D59A98}.Debug|Any CPU.Build.0 = Debug|Any CPU
		{5A1C4A01-0DDA-4EEA-8D0D-E84945D59A98}.Release|Any CPU.ActiveCfg = Release|Any CPU
		{5A1C4A01-0DDA-4EEA-8D0D-E84945D59A98}.Release|Any CPU.Build.0 = Release|Any CPU
		{91A3B11C-A5CD-46D5-99C0-8DD9E7587E1C}.Debug|Any CPU.ActiveCfg = Debug|Any CPU
		{91A3B11C-A5CD-46D5-99C0-8DD9E7587E1C}.Debug|Any CPU.Build.0 = Debug|Any CPU
		{91A3B11C-A5CD-46D5-99C0-8DD9E7587E1C}.Release|Any CPU.ActiveCfg = Release|Any CPU
		{91A3B11C-A5CD-46D5-99C0-8DD9E7587E1C}.Release|Any CPU.Build.0 = Release|Any CPU
	EndGlobalSection
	GlobalSection(SolutionProperties) = preSolution
		HideSolutionNode = FALSE
	EndGlobalSection
	GlobalSection(ExtensibilityGlobals) = postSolution
		SolutionGuid = {40663C02-53C0-4F4D-81BD-084DC53E1DB0}
	EndGlobalSection
EndGlobal
